
Microsoft Visual Studio Solution File, Format Version 12.00
# Visual Studio Version 17
VisualStudioVersion = 17.9.34607.119
MinimumVisualStudioVersion = 10.0.40219.1
Project("{8BC9CEB8-8B4A-11D0-8D11-00A0C91BC942}") = "3月1号", "3月1号\3月1号.vcxproj", "{366C1FC4-1218-4BD8-A349-D0CDC14A3FAD}"
EndProject
Global
	GlobalSection(SolutionConfigurationPlatforms) = preSolution
		Debug|x64 = Debug|x64
		Debug|x86 = Debug|x86
		Release|x64 = Release|x64
		Release|x86 = Release|x86
	EndGlobalSection
	GlobalSection(ProjectConfigurationPlatforms) = postSolution
		{366C1FC4-1218-4BD8-A349-D0CDC14A3FAD}.Debug|x64.ActiveCfg = Debug|x64
		{366C1FC4-1218-4BD8-A349-D0CDC14A3FAD}.Debug|x64.Build.0 = Debug|x64
		{366C1FC4-1218-4BD8-A349-D0CDC14A3FAD}.Debug|x86.ActiveCfg = Debug|Win32
		{366C1FC4-1218-4BD8-A349-D0CDC14A3FAD}.Debug|x86.Build.0 = Debug|Win32
		{366C1FC4-1218-4BD8-A349-D0CDC14A3FAD}.Release|x64.ActiveCfg = Release|x64
		{366C1FC4-1218-4BD8-A349-D0CDC14A3FAD}.Release|x64.Build.0 = Release|x64
		{366C1FC4-1218-4BD8-A349-D0CDC14A3FAD}.Release|x86.ActiveCfg = Release|Win32
		{366C1FC4-1218-4BD8-A349-D0CDC14A3FAD}.Release|x86.Build.0 = Release|Win32
	EndGlobalSection
	GlobalSection(SolutionProperties) = preSolution
		HideSolutionNode = FALSE
	EndGlobalSection
	GlobalSection(ExtensibilityGlobals) = postSolution
		SolutionGuid = {C3CE3AAF-CE5D-4276-96EF-F5A9C72E968F}
	EndGlobalSection
EndGlobal
